{
  "object": {
    "pins": [
      {
        "package": "SwiftRestClient",
        "repositoryURL": "https://github.com/duhnnie/SwiftRestClient",
        "state": {
          "branch": null,
          "revision": "eb7b2fcf534b0293e11e139866c5117bc56e7695",
          "version": "0.7.1"
        }
      }
    ]
  },
  "version": 1
}
