{
  "object": {
    "pins": [
      {
        "package": "SwiftRestClient",
        "repositoryURL": "https://github.com/duhnnie/SwiftRestClient",
        "state": {
          "branch": null,
          "revision": "f6badaa6cd3c455422f37e77c983babb34f987f8",
          "version": "0.3.0"
        }
      }
    ]
  },
  "version": 1
}
