{
  "object": {
    "pins": [
      {
        "package": "SwiftRestClient",
        "repositoryURL": "https://github.com/duhnnie/SwiftRestClient",
        "state": {
          "branch": null,
          "revision": "f6828e84d000aa9fc05137ce459d0013e3474831",
          "version": "0.5.0"
        }
      }
    ]
  },
  "version": 1
}
